
Microsoft Visual Studio Solution File, Format Version 12.00
# Visual Studio 15
VisualStudioVersion = 15.0.27130.2003
MinimumVisualStudioVersion = 10.0.40219.1
Project("{FAE04EC0-301F-11D3-BF4B-00C04F79EFBC}") = "AuthAzureADv2", "AuthAzureADv2\AuthAzureADv2.csproj", "{61FA600A-CD6C-4966-91A7-C6055E4B2DC1}"
EndProject
Global
	GlobalSection(SolutionConfigurationPlatforms) = preSolution
		Debug|Any CPU = Debug|Any CPU
		Release|Any CPU = Release|Any CPU
	EndGlobalSection
	GlobalSection(ProjectConfigurationPlatforms) = postSolution
		{61FA600A-CD6C-4966-91A7-C6055E4B2DC1}.Debug|Any CPU.ActiveCfg = Debug|Any CPU
		{61FA600A-CD6C-4966-91A7-C6055E4B2DC1}.Debug|Any CPU.Build.0 = Debug|Any CPU
		{61FA600A-CD6C-4966-91A7-C6055E4B2DC1}.Release|Any CPU.ActiveCfg = Release|Any CPU
		{61FA600A-CD6C-4966-91A7-C6055E4B2DC1}.Release|Any CPU.Build.0 = Release|Any CPU
	EndGlobalSection
	GlobalSection(SolutionProperties) = preSolution
		HideSolutionNode = FALSE
	EndGlobalSection
	GlobalSection(ExtensibilityGlobals) = postSolution
		SolutionGuid = {7FCE6B4E-C7D5-4DE3-B9C8-7A9B7F40B1B3}
	EndGlobalSection
EndGlobal
